// !$*UTF8*$!
{
	archiveVersion = 1;
	classes = {
	};
	objectVersion = 46;
	objects = {

/* Begin PBXBuildFile section */
		10FB7EA318B4A9E5E92FC3D7 /* libPods-Ben_JamTests.a in Frameworks */ = {isa = PBXBuildFile; fileRef = E1013D5B7110BABCF0280118 /* libPods-Ben_JamTests.a */; };
		2046A6181A7F138A00C08622 /* BJItemClientTests.m in Sources */ = {isa = PBXBuildFile; fileRef = 2046A6171A7F138A00C08622 /* BJItemClientTests.m */; };
		2046A61B1A7F13B500C08622 /* BJItemClient.m in Sources */ = {isa = PBXBuildFile; fileRef = 2046A61A1A7F13B500C08622 /* BJItemClient.m */; };
		2056F1C11A3A7F3200E5142B /* BJDetailViewController.m in Sources */ = {isa = PBXBuildFile; fileRef = 2056F1C01A3A7F3200E5142B /* BJDetailViewController.m */; };
		2056F1C41A3A86E000E5142B /* BJItem.m in Sources */ = {isa = PBXBuildFile; fileRef = 2056F1C31A3A86E000E5142B /* BJItem.m */; };
		2084DF7B1A65E34E000BCB9A /* BJFixedGridLayout.m in Sources */ = {isa = PBXBuildFile; fileRef = 2084DF7A1A65E34E000BCB9A /* BJFixedGridLayout.m */; };
		2084DF7C1A65E34E000BCB9A /* BJFixedGridLayout.m in Sources */ = {isa = PBXBuildFile; fileRef = 2084DF7A1A65E34E000BCB9A /* BJFixedGridLayout.m */; };
		20970A371A7F1512009E8914 /* BJItemClient.m in Sources */ = {isa = PBXBuildFile; fileRef = 2046A61A1A7F13B500C08622 /* BJItemClient.m */; };
		20970A381A7F1833009E8914 /* BJItem.m in Sources */ = {isa = PBXBuildFile; fileRef = 2056F1C31A3A86E000E5142B /* BJItem.m */; };
		20AA74FD1AA404A0003E1EE4 /* Podfile in Resources */ = {isa = PBXBuildFile; fileRef = 20AA74FC1AA404A0003E1EE4 /* Podfile */; };
		20AA74FF1AA404AB003E1EE4 /* Podfile.lock in Resources */ = {isa = PBXBuildFile; fileRef = 20AA74FE1AA404AB003E1EE4 /* Podfile.lock */; };
		20BD7D721A390DC900790055 /* Foundation.framework in Frameworks */ = {isa = PBXBuildFile; fileRef = 20BD7D711A390DC900790055 /* Foundation.framework */; };
		20BD7D741A390DC900790055 /* CoreGraphics.framework in Frameworks */ = {isa = PBXBuildFile; fileRef = 20BD7D731A390DC900790055 /* CoreGraphics.framework */; };
		20BD7D761A390DC900790055 /* UIKit.framework in Frameworks */ = {isa = PBXBuildFile; fileRef = 20BD7D751A390DC900790055 /* UIKit.framework */; };
		20BD7D7E1A390DC900790055 /* main.m in Sources */ = {isa = PBXBuildFile; fileRef = 20BD7D7D1A390DC900790055 /* main.m */; };
		20BD7D821A390DC900790055 /* BJAppDelegate.m in Sources */ = {isa = PBXBuildFile; fileRef = 20BD7D811A390DC900790055 /* BJAppDelegate.m */; };
		20BD7D851A390DC900790055 /* Main.storyboard in Resources */ = {isa = PBXBuildFile; fileRef = 20BD7D831A390DC900790055 /* Main.storyboard */; };
		20BD7D881A390DC900790055 /* BJViewController.m in Sources */ = {isa = PBXBuildFile; fileRef = 20BD7D871A390DC900790055 /* BJViewController.m */; };
		20BD7D8A1A390DC900790055 /* Images.xcassets in Resources */ = {isa = PBXBuildFile; fileRef = 20BD7D891A390DC900790055 /* Images.xcassets */; };
		20BD7D911A390DC900790055 /* XCTest.framework in Frameworks */ = {isa = PBXBuildFile; fileRef = 20BD7D901A390DC900790055 /* XCTest.framework */; };
		20BD7D921A390DC900790055 /* Foundation.framework in Frameworks */ = {isa = PBXBuildFile; fileRef = 20BD7D711A390DC900790055 /* Foundation.framework */; };
		20BD7D931A390DC900790055 /* UIKit.framework in Frameworks */ = {isa = PBXBuildFile; fileRef = 20BD7D751A390DC900790055 /* UIKit.framework */; };
		20BD7D9B1A390DC900790055 /* InfoPlist.strings in Resources */ = {isa = PBXBuildFile; fileRef = 20BD7D991A390DC900790055 /* InfoPlist.strings */; };
		20BD7D9D1A390DC900790055 /* Ben_JamTests.m in Sources */ = {isa = PBXBuildFile; fileRef = 20BD7D9C1A390DC900790055 /* Ben_JamTests.m */; };
		20BD7DA81A39161400790055 /* BJCell.m in Sources */ = {isa = PBXBuildFile; fileRef = 20BD7DA71A39161400790055 /* BJCell.m */; };
		20FABD351AA5B7EE0002E4BB /* BJModel.xcdatamodeld in Sources */ = {isa = PBXBuildFile; fileRef = 20FABD331AA5B7EE0002E4BB /* BJModel.xcdatamodeld */; };
		20FABD371AA5CA3E0002E4BB /* AVFoundation.framework in Frameworks */ = {isa = PBXBuildFile; fileRef = 20FABD361AA5CA3E0002E4BB /* AVFoundation.framework */; };
		631B7DDA1B4282D800BD8BD8 /* BJServer.m in Sources */ = {isa = PBXBuildFile; fileRef = 631B7DD91B4282D800BD8BD8 /* BJServer.m */; };
		631B7DDB1B4282D800BD8BD8 /* BJServer.m in Sources */ = {isa = PBXBuildFile; fileRef = 631B7DD91B4282D800BD8BD8 /* BJServer.m */; };
		63D6A0831BE56DCB005F4D30 /* README.md in Sources */ = {isa = PBXBuildFile; fileRef = 63D6A0821BE56DCB005F4D30 /* README.md */; };
		C5807A295954134EFFB9CAF4 /* libPods-Ben_Jam.a in Frameworks */ = {isa = PBXBuildFile; fileRef = 52E318FDCEE24FE80A790DB6 /* libPods-Ben_Jam.a */; };
/* End PBXBuildFile section */

/* Begin PBXContainerItemProxy section */
		20BD7D941A390DC900790055 /* PBXContainerItemProxy */ = {
			isa = PBXContainerItemProxy;
			containerPortal = 20BD7D661A390DC900790055 /* Project object */;
			proxyType = 1;
			remoteGlobalIDString = 20BD7D6D1A390DC900790055;
			remoteInfo = "Ben Jam";
		};
/* End PBXContainerItemProxy section */

/* Begin PBXFileReference section */
		2046A6171A7F138A00C08622 /* BJItemClientTests.m */ = {isa = PBXFileReference; fileEncoding = 4; lastKnownFileType = sourcecode.c.objc; path = BJItemClientTests.m; sourceTree = "<group>"; };
		2046A6191A7F13B500C08622 /* BJItemClient.h */ = {isa = PBXFileReference; fileEncoding = 4; lastKnownFileType = sourcecode.c.h; path = BJItemClient.h; sourceTree = "<group>"; };
		2046A61A1A7F13B500C08622 /* BJItemClient.m */ = {isa = PBXFileReference; fileEncoding = 4; lastKnownFileType = sourcecode.c.objc; path = BJItemClient.m; sourceTree = "<group>"; };
		2056F1BF1A3A7F3200E5142B /* BJDetailViewController.h */ = {isa = PBXFileReference; fileEncoding = 4; lastKnownFileType = sourcecode.c.h; path = BJDetailViewController.h; sourceTree = "<group>"; };
		2056F1C01A3A7F3200E5142B /* BJDetailViewController.m */ = {isa = PBXFileReference; fileEncoding = 4; lastKnownFileType = sourcecode.c.objc; path = BJDetailViewController.m; sourceTree = "<group>"; };
		2056F1C21A3A86E000E5142B /* BJItem.h */ = {isa = PBXFileReference; fileEncoding = 4; lastKnownFileType = sourcecode.c.h; path = BJItem.h; sourceTree = "<group>"; };
		2056F1C31A3A86E000E5142B /* BJItem.m */ = {isa = PBXFileReference; fileEncoding = 4; lastKnownFileType = sourcecode.c.objc; path = BJItem.m; sourceTree = "<group>"; };
		2084DF791A65E34E000BCB9A /* BJFixedGridLayout.h */ = {isa = PBXFileReference; fileEncoding = 4; lastKnownFileType = sourcecode.c.h; path = BJFixedGridLayout.h; sourceTree = "<group>"; };
		2084DF7A1A65E34E000BCB9A /* BJFixedGridLayout.m */ = {isa = PBXFileReference; fileEncoding = 4; lastKnownFileType = sourcecode.c.objc; path = BJFixedGridLayout.m; sourceTree = "<group>"; };
		20AA74FC1AA404A0003E1EE4 /* Podfile */ = {isa = PBXFileReference; fileEncoding = 4; lastKnownFileType = text; path = Podfile; sourceTree = "<group>"; xcLanguageSpecificationIdentifier = xcode.lang.ruby; };
		20AA74FE1AA404AB003E1EE4 /* Podfile.lock */ = {isa = PBXFileReference; fileEncoding = 4; lastKnownFileType = text; path = Podfile.lock; sourceTree = "<group>"; };
		20BD7D6E1A390DC900790055 /* Ben_Jam.app */ = {isa = PBXFileReference; explicitFileType = wrapper.application; includeInIndex = 0; path = Ben_Jam.app; sourceTree = BUILT_PRODUCTS_DIR; };
		20BD7D711A390DC900790055 /* Foundation.framework */ = {isa = PBXFileReference; lastKnownFileType = wrapper.framework; name = Foundation.framework; path = System/Library/Frameworks/Foundation.framework; sourceTree = SDKROOT; };
		20BD7D731A390DC900790055 /* CoreGraphics.framework */ = {isa = PBXFileReference; lastKnownFileType = wrapper.framework; name = CoreGraphics.framework; path = System/Library/Frameworks/CoreGraphics.framework; sourceTree = SDKROOT; };
		20BD7D751A390DC900790055 /* UIKit.framework */ = {isa = PBXFileReference; lastKnownFileType = wrapper.framework; name = UIKit.framework; path = System/Library/Frameworks/UIKit.framework; sourceTree = SDKROOT; };
		20BD7D791A390DC900790055 /* Ben_Jam-Info.plist */ = {isa = PBXFileReference; lastKnownFileType = text.plist.xml; path = "Ben_Jam-Info.plist"; sourceTree = "<group>"; };
		20BD7D7B1A390DC900790055 /* en */ = {isa = PBXFileReference; lastKnownFileType = text.plist.strings; name = en; path = en.lproj/InfoPlist.strings; sourceTree = "<group>"; };
		20BD7D7D1A390DC900790055 /* main.m */ = {isa = PBXFileReference; lastKnownFileType = sourcecode.c.objc; path = main.m; sourceTree = "<group>"; };
		20BD7D7F1A390DC900790055 /* Ben_Jam-Prefix.pch */ = {isa = PBXFileReference; lastKnownFileType = sourcecode.c.h; path = "Ben_Jam-Prefix.pch"; sourceTree = "<group>"; };
		20BD7D801A390DC900790055 /* BJAppDelegate.h */ = {isa = PBXFileReference; lastKnownFileType = sourcecode.c.h; path = BJAppDelegate.h; sourceTree = "<group>"; };
		20BD7D811A390DC900790055 /* BJAppDelegate.m */ = {isa = PBXFileReference; lastKnownFileType = sourcecode.c.objc; path = BJAppDelegate.m; sourceTree = "<group>"; };
		20BD7D841A390DC900790055 /* Base */ = {isa = PBXFileReference; lastKnownFileType = file.storyboard; name = Base; path = Base.lproj/Main.storyboard; sourceTree = "<group>"; };
		20BD7D861A390DC900790055 /* BJViewController.h */ = {isa = PBXFileReference; lastKnownFileType = sourcecode.c.h; path = BJViewController.h; sourceTree = "<group>"; };
		20BD7D871A390DC900790055 /* BJViewController.m */ = {isa = PBXFileReference; lastKnownFileType = sourcecode.c.objc; path = BJViewController.m; sourceTree = "<group>"; };
		20BD7D891A390DC900790055 /* Images.xcassets */ = {isa = PBXFileReference; lastKnownFileType = folder.assetcatalog; path = Images.xcassets; sourceTree = "<group>"; };
		20BD7D8F1A390DC900790055 /* Ben_JamTests.xctest */ = {isa = PBXFileReference; explicitFileType = wrapper.cfbundle; includeInIndex = 0; path = Ben_JamTests.xctest; sourceTree = BUILT_PRODUCTS_DIR; };
		20BD7D901A390DC900790055 /* XCTest.framework */ = {isa = PBXFileReference; lastKnownFileType = wrapper.framework; name = XCTest.framework; path = Library/Frameworks/XCTest.framework; sourceTree = DEVELOPER_DIR; };
		20BD7D981A390DC900790055 /* Ben_JamTests-Info.plist */ = {isa = PBXFileReference; lastKnownFileType = text.plist.xml; path = "Ben_JamTests-Info.plist"; sourceTree = "<group>"; };
		20BD7D9A1A390DC900790055 /* en */ = {isa = PBXFileReference; lastKnownFileType = text.plist.strings; name = en; path = en.lproj/InfoPlist.strings; sourceTree = "<group>"; };
		20BD7D9C1A390DC900790055 /* Ben_JamTests.m */ = {isa = PBXFileReference; lastKnownFileType = sourcecode.c.objc; path = Ben_JamTests.m; sourceTree = "<group>"; };
		20BD7DA61A39161400790055 /* BJCell.h */ = {isa = PBXFileReference; fileEncoding = 4; lastKnownFileType = sourcecode.c.h; path = BJCell.h; sourceTree = "<group>"; };
		20BD7DA71A39161400790055 /* BJCell.m */ = {isa = PBXFileReference; fileEncoding = 4; lastKnownFileType = sourcecode.c.objc; path = BJCell.m; sourceTree = "<group>"; };
		20FABD341AA5B7EE0002E4BB /* BJModel.xcdatamodel */ = {isa = PBXFileReference; lastKnownFileType = wrapper.xcdatamodel; path = BJModel.xcdatamodel; sourceTree = "<group>"; };
		20FABD361AA5CA3E0002E4BB /* AVFoundation.framework */ = {isa = PBXFileReference; lastKnownFileType = wrapper.framework; name = AVFoundation.framework; path = System/Library/Frameworks/AVFoundation.framework; sourceTree = SDKROOT; };
		52E318FDCEE24FE80A790DB6 /* libPods-Ben_Jam.a */ = {isa = PBXFileReference; explicitFileType = archive.ar; includeInIndex = 0; path = "libPods-Ben_Jam.a"; sourceTree = BUILT_PRODUCTS_DIR; };
		631B7DD81B4282D800BD8BD8 /* BJServer.h */ = {isa = PBXFileReference; fileEncoding = 4; lastKnownFileType = sourcecode.c.h; path = BJServer.h; sourceTree = "<group>"; };
		631B7DD91B4282D800BD8BD8 /* BJServer.m */ = {isa = PBXFileReference; fileEncoding = 4; lastKnownFileType = sourcecode.c.objc; path = BJServer.m; sourceTree = "<group>"; };
		63D6A0821BE56DCB005F4D30 /* README.md */ = {isa = PBXFileReference; fileEncoding = 4; lastKnownFileType = net.daringfireball.markdown; path = README.md; sourceTree = "<group>"; };
		6F1D7620BF6243BB45DC804D /* Pods-Ben_Jam.debug.xcconfig */ = {isa = PBXFileReference; includeInIndex = 1; lastKnownFileType = text.xcconfig; name = "Pods-Ben_Jam.debug.xcconfig"; path = "Pods/Target Support Files/Pods-Ben_Jam/Pods-Ben_Jam.debug.xcconfig"; sourceTree = "<group>"; };
		8A76511888D79DAB45DF89DF /* Pods-Ben_JamTests.release.xcconfig */ = {isa = PBXFileReference; includeInIndex = 1; lastKnownFileType = text.xcconfig; name = "Pods-Ben_JamTests.release.xcconfig"; path = "Pods/Target Support Files/Pods-Ben_JamTests/Pods-Ben_JamTests.release.xcconfig"; sourceTree = "<group>"; };
		D32096E16CBCF68D550545EC /* Pods-Ben_JamTests.debug.xcconfig */ = {isa = PBXFileReference; includeInIndex = 1; lastKnownFileType = text.xcconfig; name = "Pods-Ben_JamTests.debug.xcconfig"; path = "Pods/Target Support Files/Pods-Ben_JamTests/Pods-Ben_JamTests.debug.xcconfig"; sourceTree = "<group>"; };
		E1013D5B7110BABCF0280118 /* libPods-Ben_JamTests.a */ = {isa = PBXFileReference; explicitFileType = archive.ar; includeInIndex = 0; path = "libPods-Ben_JamTests.a"; sourceTree = BUILT_PRODUCTS_DIR; };
		F224339EA4F685438ABA31E2 /* Pods-Ben_Jam.release.xcconfig */ = {isa = PBXFileReference; includeInIndex = 1; lastKnownFileType = text.xcconfig; name = "Pods-Ben_Jam.release.xcconfig"; path = "Pods/Target Support Files/Pods-Ben_Jam/Pods-Ben_Jam.release.xcconfig"; sourceTree = "<group>"; };
/* End PBXFileReference section */

/* Begin PBXFrameworksBuildPhase section */
		20BD7D6B1A390DC900790055 /* Frameworks */ = {
			isa = PBXFrameworksBuildPhase;
			buildActionMask = 2147483647;
			files = (
				20FABD371AA5CA3E0002E4BB /* AVFoundation.framework in Frameworks */,
				20BD7D741A390DC900790055 /* CoreGraphics.framework in Frameworks */,
				20BD7D761A390DC900790055 /* UIKit.framework in Frameworks */,
				20BD7D721A390DC900790055 /* Foundation.framework in Frameworks */,
				C5807A295954134EFFB9CAF4 /* libPods-Ben_Jam.a in Frameworks */,
			);
			runOnlyForDeploymentPostprocessing = 0;
		};
		20BD7D8C1A390DC900790055 /* Frameworks */ = {
			isa = PBXFrameworksBuildPhase;
			buildActionMask = 2147483647;
			files = (
				20BD7D911A390DC900790055 /* XCTest.framework in Frameworks */,
				20BD7D931A390DC900790055 /* UIKit.framework in Frameworks */,
				20BD7D921A390DC900790055 /* Foundation.framework in Frameworks */,
				10FB7EA318B4A9E5E92FC3D7 /* libPods-Ben_JamTests.a in Frameworks */,
			);
			runOnlyForDeploymentPostprocessing = 0;
		};
/* End PBXFrameworksBuildPhase section */

/* Begin PBXGroup section */
		20BD7D651A390DC900790055 = {
			isa = PBXGroup;
			children = (
				63D6A0821BE56DCB005F4D30 /* README.md */,
				20AA74FE1AA404AB003E1EE4 /* Podfile.lock */,
				20AA74FC1AA404A0003E1EE4 /* Podfile */,
				20BD7D771A390DC900790055 /* Ben_Jam */,
				20BD7D961A390DC900790055 /* Ben JamTests */,
				20BD7D701A390DC900790055 /* Frameworks */,
				20BD7D6F1A390DC900790055 /* Products */,
				3F8C82AA9D8D6E3718246C8E /* Pods */,
			);
			sourceTree = "<group>";
		};
		20BD7D6F1A390DC900790055 /* Products */ = {
			isa = PBXGroup;
			children = (
				20BD7D6E1A390DC900790055 /* Ben_Jam.app */,
				20BD7D8F1A390DC900790055 /* Ben_JamTests.xctest */,
			);
			name = Products;
			sourceTree = "<group>";
		};
		20BD7D701A390DC900790055 /* Frameworks */ = {
			isa = PBXGroup;
			children = (
				20FABD361AA5CA3E0002E4BB /* AVFoundation.framework */,
				20BD7D711A390DC900790055 /* Foundation.framework */,
				20BD7D731A390DC900790055 /* CoreGraphics.framework */,
				20BD7D751A390DC900790055 /* UIKit.framework */,
				20BD7D901A390DC900790055 /* XCTest.framework */,
				52E318FDCEE24FE80A790DB6 /* libPods-Ben_Jam.a */,
				E1013D5B7110BABCF0280118 /* libPods-Ben_JamTests.a */,
			);
			name = Frameworks;
			sourceTree = "<group>";
		};
		20BD7D771A390DC900790055 /* Ben_Jam */ = {
			isa = PBXGroup;
			children = (
				20BD7D781A390DC900790055 /* Supporting Files */,
				20BD7D801A390DC900790055 /* BJAppDelegate.h */,
				20BD7D811A390DC900790055 /* BJAppDelegate.m */,
				20BD7D831A390DC900790055 /* Main.storyboard */,
				20BD7D861A390DC900790055 /* BJViewController.h */,
				20BD7D871A390DC900790055 /* BJViewController.m */,
				2056F1BF1A3A7F3200E5142B /* BJDetailViewController.h */,
				2056F1C01A3A7F3200E5142B /* BJDetailViewController.m */,
				2056F1C21A3A86E000E5142B /* BJItem.h */,
				2056F1C31A3A86E000E5142B /* BJItem.m */,
				20BD7DA61A39161400790055 /* BJCell.h */,
				20BD7DA71A39161400790055 /* BJCell.m */,
				20BD7D891A390DC900790055 /* Images.xcassets */,
				2084DF791A65E34E000BCB9A /* BJFixedGridLayout.h */,
				2084DF7A1A65E34E000BCB9A /* BJFixedGridLayout.m */,
				2046A6191A7F13B500C08622 /* BJItemClient.h */,
				2046A61A1A7F13B500C08622 /* BJItemClient.m */,
				20FABD331AA5B7EE0002E4BB /* BJModel.xcdatamodeld */,
				631B7DD81B4282D800BD8BD8 /* BJServer.h */,
				631B7DD91B4282D800BD8BD8 /* BJServer.m */,
			);
			path = Ben_Jam;
			sourceTree = "<group>";
		};
		20BD7D781A390DC900790055 /* Supporting Files */ = {
			isa = PBXGroup;
			children = (
				20BD7D791A390DC900790055 /* Ben_Jam-Info.plist */,
				20BD7D7A1A390DC900790055 /* InfoPlist.strings */,
				20BD7D7F1A390DC900790055 /* Ben_Jam-Prefix.pch */,
				20BD7D7D1A390DC900790055 /* main.m */,
			);
			name = "Supporting Files";
			sourceTree = "<group>";
		};
		20BD7D961A390DC900790055 /* Ben JamTests */ = {
			isa = PBXGroup;
			children = (
				20BD7D9C1A390DC900790055 /* Ben_JamTests.m */,
				20BD7D971A390DC900790055 /* Supporting Files */,
				2046A6171A7F138A00C08622 /* BJItemClientTests.m */,
			);
			name = "Ben JamTests";
			path = Ben_JamTests;
			sourceTree = "<group>";
		};
		20BD7D971A390DC900790055 /* Supporting Files */ = {
			isa = PBXGroup;
			children = (
				20BD7D981A390DC900790055 /* Ben_JamTests-Info.plist */,
				20BD7D991A390DC900790055 /* InfoPlist.strings */,
			);
			name = "Supporting Files";
			sourceTree = "<group>";
		};
		3F8C82AA9D8D6E3718246C8E /* Pods */ = {
			isa = PBXGroup;
			children = (
				6F1D7620BF6243BB45DC804D /* Pods-Ben_Jam.debug.xcconfig */,
				F224339EA4F685438ABA31E2 /* Pods-Ben_Jam.release.xcconfig */,
				D32096E16CBCF68D550545EC /* Pods-Ben_JamTests.debug.xcconfig */,
				8A76511888D79DAB45DF89DF /* Pods-Ben_JamTests.release.xcconfig */,
			);
			name = Pods;
			sourceTree = "<group>";
		};
/* End PBXGroup section */

/* Begin PBXNativeTarget section */
		20BD7D6D1A390DC900790055 /* Ben_Jam */ = {
			isa = PBXNativeTarget;
			buildConfigurationList = 20BD7DA01A390DC900790055 /* Build configuration list for PBXNativeTarget "Ben_Jam" */;
			buildPhases = (
				E8CB7A03F0E8950240C663AD /* Check Pods Manifest.lock */,
				20BD7D6A1A390DC900790055 /* Sources */,
				20BD7D6B1A390DC900790055 /* Frameworks */,
				20BD7D6C1A390DC900790055 /* Resources */,
				2991401AB411C2839893651B /* Copy Pods Resources */,
				FD3262D922E1C91A31951844 /* Embed Pods Frameworks */,
			);
			buildRules = (
			);
			dependencies = (
			);
			name = Ben_Jam;
			productName = "Ben Jam";
			productReference = 20BD7D6E1A390DC900790055 /* Ben_Jam.app */;
			productType = "com.apple.product-type.application";
		};
		20BD7D8E1A390DC900790055 /* Ben_JamTests */ = {
			isa = PBXNativeTarget;
			buildConfigurationList = 20BD7DA31A390DC900790055 /* Build configuration list for PBXNativeTarget "Ben_JamTests" */;
			buildPhases = (
				9427D2342B051CED41DBCE85 /* Check Pods Manifest.lock */,
				20BD7D8B1A390DC900790055 /* Sources */,
				20BD7D8C1A390DC900790055 /* Frameworks */,
				20BD7D8D1A390DC900790055 /* Resources */,
				01031CDB6D84817A30B4BB78 /* Copy Pods Resources */,
				49B9C569D3D39BCCDB5009CB /* Embed Pods Frameworks */,
			);
			buildRules = (
			);
			dependencies = (
				20BD7D951A390DC900790055 /* PBXTargetDependency */,
			);
			name = Ben_JamTests;
			productName = "Ben JamTests";
			productReference = 20BD7D8F1A390DC900790055 /* Ben_JamTests.xctest */;
			productType = "com.apple.product-type.bundle.unit-test";
		};
/* End PBXNativeTarget section */

/* Begin PBXProject section */
		20BD7D661A390DC900790055 /* Project object */ = {
			isa = PBXProject;
			attributes = {
				CLASSPREFIX = BJ;
				LastUpgradeCheck = 0510;
				ORGANIZATIONNAME = "Pegwing Pty Ltd";
				TargetAttributes = {
					20BD7D6D1A390DC900790055 = {
						DevelopmentTeam = VY33H569Y3;
					};
				};
			};
			buildConfigurationList = 20BD7D691A390DC900790055 /* Build configuration list for PBXProject "Ben_Jam" */;
			compatibilityVersion = "Xcode 3.2";
			developmentRegion = English;
			hasScannedForEncodings = 0;
			knownRegions = (
				en,
				Base,
			);
			mainGroup = 20BD7D651A390DC900790055;
			productRefGroup = 20BD7D6F1A390DC900790055 /* Products */;
			projectDirPath = "";
			projectRoot = "";
			targets = (
				20BD7D6D1A390DC900790055 /* Ben_Jam */,
				20BD7D8E1A390DC900790055 /* Ben_JamTests */,
			);
		};
/* End PBXProject section */

/* Begin PBXResourcesBuildPhase section */
		20BD7D6C1A390DC900790055 /* Resources */ = {
			isa = PBXResourcesBuildPhase;
			buildActionMask = 2147483647;
			files = (
				20AA74FD1AA404A0003E1EE4 /* Podfile in Resources */,
				20BD7D8A1A390DC900790055 /* Images.xcassets in Resources */,
				20AA74FF1AA404AB003E1EE4 /* Podfile.lock in Resources */,
				20BD7D851A390DC900790055 /* Main.storyboard in Resources */,
			);
			runOnlyForDeploymentPostprocessing = 0;
		};
		20BD7D8D1A390DC900790055 /* Resources */ = {
			isa = PBXResourcesBuildPhase;
			buildActionMask = 2147483647;
			files = (
				20BD7D9B1A390DC900790055 /* InfoPlist.strings in Resources */,
			);
			runOnlyForDeploymentPostprocessing = 0;
		};
/* End PBXResourcesBuildPhase section */

/* Begin PBXShellScriptBuildPhase section */
		01031CDB6D84817A30B4BB78 /* Copy Pods Resources */ = {
			isa = PBXShellScriptBuildPhase;
			buildActionMask = 2147483647;
			files = (
			);
			inputPaths = (
			);
			name = "Copy Pods Resources";
			outputPaths = (
			);
			runOnlyForDeploymentPostprocessing = 0;
			shellPath = /bin/sh;
			shellScript = "\"${SRCROOT}/Pods/Target Support Files/Pods-Ben_JamTests/Pods-Ben_JamTests-resources.sh\"\n";
			showEnvVarsInLog = 0;
		};
		2991401AB411C2839893651B /* Copy Pods Resources */ = {
			isa = PBXShellScriptBuildPhase;
			buildActionMask = 2147483647;
			files = (
			);
			inputPaths = (
			);
			name = "Copy Pods Resources";
			outputPaths = (
			);
			runOnlyForDeploymentPostprocessing = 0;
			shellPath = /bin/sh;
			shellScript = "\"${SRCROOT}/Pods/Target Support Files/Pods-Ben_Jam/Pods-Ben_Jam-resources.sh\"\n";
			showEnvVarsInLog = 0;
		};
		49B9C569D3D39BCCDB5009CB /* Embed Pods Frameworks */ = {
			isa = PBXShellScriptBuildPhase;
			buildActionMask = 2147483647;
			files = (
			);
			inputPaths = (
			);
			name = "Embed Pods Frameworks";
			outputPaths = (
			);
			runOnlyForDeploymentPostprocessing = 0;
			shellPath = /bin/sh;
			shellScript = "\"${SRCROOT}/Pods/Target Support Files/Pods-Ben_JamTests/Pods-Ben_JamTests-frameworks.sh\"\n";
			showEnvVarsInLog = 0;
		};
		9427D2342B051CED41DBCE85 /* Check Pods Manifest.lock */ = {
			isa = PBXShellScriptBuildPhase;
			buildActionMask = 2147483647;
			files = (
			);
			inputPaths = (
			);
			name = "Check Pods Manifest.lock";
			outputPaths = (
			);
			runOnlyForDeploymentPostprocessing = 0;
			shellPath = /bin/sh;
			shellScript = "diff \"${PODS_ROOT}/../Podfile.lock\" \"${PODS_ROOT}/Manifest.lock\" > /dev/null\nif [[ $? != 0 ]] ; then\n    cat << EOM\nerror: The sandbox is not in sync with the Podfile.lock. Run 'pod install' or update your CocoaPods installation.\nEOM\n    exit 1\nfi\n";
			showEnvVarsInLog = 0;
		};
		E8CB7A03F0E8950240C663AD /* Check Pods Manifest.lock */ = {
			isa = PBXShellScriptBuildPhase;
			buildActionMask = 2147483647;
			files = (
			);
			inputPaths = (
			);
			name = "Check Pods Manifest.lock";
			outputPaths = (
			);
			runOnlyForDeploymentPostprocessing = 0;
			shellPath = /bin/sh;
			shellScript = "diff \"${PODS_ROOT}/../Podfile.lock\" \"${PODS_ROOT}/Manifest.lock\" > /dev/null\nif [[ $? != 0 ]] ; then\n    cat << EOM\nerror: The sandbox is not in sync with the Podfile.lock. Run 'pod install' or update your CocoaPods installation.\nEOM\n    exit 1\nfi\n";
			showEnvVarsInLog = 0;
		};
		FD3262D922E1C91A31951844 /* Embed Pods Frameworks */ = {
			isa = PBXShellScriptBuildPhase;
			buildActionMask = 2147483647;
			files = (
			);
			inputPaths = (
			);
			name = "Embed Pods Frameworks";
			outputPaths = (
			);
			runOnlyForDeploymentPostprocessing = 0;
			shellPath = /bin/sh;
			shellScript = "\"${SRCROOT}/Pods/Target Support Files/Pods-Ben_Jam/Pods-Ben_Jam-frameworks.sh\"\n";
			showEnvVarsInLog = 0;
		};
/* End PBXShellScriptBuildPhase section */

/* Begin PBXSourcesBuildPhase section */
		20BD7D6A1A390DC900790055 /* Sources */ = {
			isa = PBXSourcesBuildPhase;
			buildActionMask = 2147483647;
			files = (
				631B7DDA1B4282D800BD8BD8 /* BJServer.m in Sources */,
				2056F1C41A3A86E000E5142B /* BJItem.m in Sources */,
				2056F1C11A3A7F3200E5142B /* BJDetailViewController.m in Sources */,
				20FABD351AA5B7EE0002E4BB /* BJModel.xcdatamodeld in Sources */,
				20BD7D881A390DC900790055 /* BJViewController.m in Sources */,
				2046A61B1A7F13B500C08622 /* BJItemClient.m in Sources */,
				20BD7D821A390DC900790055 /* BJAppDelegate.m in Sources */,
				2084DF7B1A65E34E000BCB9A /* BJFixedGridLayout.m in Sources */,
				20BD7D7E1A390DC900790055 /* main.m in Sources */,
				63D6A0831BE56DCB005F4D30 /* README.md in Sources */,
				20BD7DA81A39161400790055 /* BJCell.m in Sources */,
			);
			runOnlyForDeploymentPostprocessing = 0;
		};
		20BD7D8B1A390DC900790055 /* Sources */ = {
			isa = PBXSourcesBuildPhase;
			buildActionMask = 2147483647;
			files = (
				2046A6181A7F138A00C08622 /* BJItemClientTests.m in Sources */,
				2084DF7C1A65E34E000BCB9A /* BJFixedGridLayout.m in Sources */,
				20BD7D9D1A390DC900790055 /* Ben_JamTests.m in Sources */,
				20970A371A7F1512009E8914 /* BJItemClient.m in Sources */,
				631B7DDB1B4282D800BD8BD8 /* BJServer.m in Sources */,
				20970A381A7F1833009E8914 /* BJItem.m in Sources */,
			);
			runOnlyForDeploymentPostprocessing = 0;
		};
/* End PBXSourcesBuildPhase section */

/* Begin PBXTargetDependency section */
		20BD7D951A390DC900790055 /* PBXTargetDependency */ = {
			isa = PBXTargetDependency;
			target = 20BD7D6D1A390DC900790055 /* Ben_Jam */;
			targetProxy = 20BD7D941A390DC900790055 /* PBXContainerItemProxy */;
		};
/* End PBXTargetDependency section */

/* Begin PBXVariantGroup section */
		20BD7D7A1A390DC900790055 /* InfoPlist.strings */ = {
			isa = PBXVariantGroup;
			children = (
				20BD7D7B1A390DC900790055 /* en */,
			);
			name = InfoPlist.strings;
			sourceTree = "<group>";
		};
		20BD7D831A390DC900790055 /* Main.storyboard */ = {
			isa = PBXVariantGroup;
			children = (
				20BD7D841A390DC900790055 /* Base */,
			);
			name = Main.storyboard;
			sourceTree = "<group>";
		};
		20BD7D991A390DC900790055 /* InfoPlist.strings */ = {
			isa = PBXVariantGroup;
			children = (
				20BD7D9A1A390DC900790055 /* en */,
			);
			name = InfoPlist.strings;
			sourceTree = "<group>";
		};
/* End PBXVariantGroup section */

/* Begin XCBuildConfiguration section */
		20BD7D9E1A390DC900790055 /* Debug */ = {
			isa = XCBuildConfiguration;
			buildSettings = {
				ALWAYS_SEARCH_USER_PATHS = NO;
				CLANG_CXX_LANGUAGE_STANDARD = "gnu++0x";
				CLANG_CXX_LIBRARY = "libc++";
				CLANG_ENABLE_MODULES = YES;
				CLANG_ENABLE_OBJC_ARC = YES;
				CLANG_WARN_BOOL_CONVERSION = YES;
				CLANG_WARN_CONSTANT_CONVERSION = YES;
				CLANG_WARN_DIRECT_OBJC_ISA_USAGE = YES_ERROR;
				CLANG_WARN_EMPTY_BODY = YES;
				CLANG_WARN_ENUM_CONVERSION = YES;
				CLANG_WARN_INT_CONVERSION = YES;
				CLANG_WARN_OBJC_ROOT_CLASS = YES_ERROR;
				CLANG_WARN__DUPLICATE_METHOD_MATCH = YES;
				CODE_SIGN_IDENTITY = "iPhone Distribution: Pegwing Pty Ltd (VY33H569Y3)";
				"CODE_SIGN_IDENTITY[sdk=iphoneos*]" = "iPhone Developer";
				COPY_PHASE_STRIP = NO;
				GCC_C_LANGUAGE_STANDARD = gnu99;
				GCC_DYNAMIC_NO_PIC = NO;
				GCC_OPTIMIZATION_LEVEL = 0;
				GCC_PREPROCESSOR_DEFINITIONS = (
					"DEBUG=1",
					"$(inherited)",
				);
				GCC_SYMBOLS_PRIVATE_EXTERN = NO;
				GCC_WARN_64_TO_32_BIT_CONVERSION = YES;
				GCC_WARN_ABOUT_RETURN_TYPE = YES_ERROR;
				GCC_WARN_UNDECLARED_SELECTOR = YES;
				GCC_WARN_UNINITIALIZED_AUTOS = YES_AGGRESSIVE;
				GCC_WARN_UNUSED_FUNCTION = YES;
				GCC_WARN_UNUSED_VARIABLE = YES;
				IPHONEOS_DEPLOYMENT_TARGET = 7.1;
				ONLY_ACTIVE_ARCH = YES;
				PROVISIONING_PROFILE = "79ebf19b-4ae0-4004-88c7-aa119d9ccaf3";
				SDKROOT = iphoneos;
				TARGETED_DEVICE_FAMILY = 2;
			};
			name = Debug;
		};
		20BD7D9F1A390DC900790055 /* Release */ = {
			isa = XCBuildConfiguration;
			buildSettings = {
				ALWAYS_SEARCH_USER_PATHS = NO;
				CLANG_CXX_LANGUAGE_STANDARD = "gnu++0x";
				CLANG_CXX_LIBRARY = "libc++";
				CLANG_ENABLE_MODULES = YES;
				CLANG_ENABLE_OBJC_ARC = YES;
				CLANG_WARN_BOOL_CONVERSION = YES;
				CLANG_WARN_CONSTANT_CONVERSION = YES;
				CLANG_WARN_DIRECT_OBJC_ISA_USAGE = YES_ERROR;
				CLANG_WARN_EMPTY_BODY = YES;
				CLANG_WARN_ENUM_CONVERSION = YES;
				CLANG_WARN_INT_CONVERSION = YES;
				CLANG_WARN_OBJC_ROOT_CLASS = YES_ERROR;
				CLANG_WARN__DUPLICATE_METHOD_MATCH = YES;
				CODE_SIGN_IDENTITY = "iPhone Distribution: Pegwing Pty Ltd (VY33H569Y3)";
				"CODE_SIGN_IDENTITY[sdk=iphoneos*]" = "iPhone Developer";
				COPY_PHASE_STRIP = YES;
				ENABLE_NS_ASSERTIONS = NO;
				GCC_C_LANGUAGE_STANDARD = gnu99;
				GCC_WARN_64_TO_32_BIT_CONVERSION = YES;
				GCC_WARN_ABOUT_RETURN_TYPE = YES_ERROR;
				GCC_WARN_UNDECLARED_SELECTOR = YES;
				GCC_WARN_UNINITIALIZED_AUTOS = YES_AGGRESSIVE;
				GCC_WARN_UNUSED_FUNCTION = YES;
				GCC_WARN_UNUSED_VARIABLE = YES;
				IPHONEOS_DEPLOYMENT_TARGET = 7.1;
				PROVISIONING_PROFILE = "79ebf19b-4ae0-4004-88c7-aa119d9ccaf3";
				SDKROOT = iphoneos;
				TARGETED_DEVICE_FAMILY = 2;
				VALIDATE_PRODUCT = YES;
			};
			name = Release;
		};
		20BD7DA11A390DC900790055 /* Debug */ = {
			isa = XCBuildConfiguration;
			baseConfigurationReference = 6F1D7620BF6243BB45DC804D /* Pods-Ben_Jam.debug.xcconfig */;
			buildSettings = {
				ASSETCATALOG_COMPILER_APPICON_NAME = AppIcon;
				ASSETCATALOG_COMPILER_LAUNCHIMAGE_NAME = LaunchImage;
				CODE_SIGN_IDENTITY = "iPhone Developer";
				"CODE_SIGN_IDENTITY[sdk=iphoneos*]" = "iPhone Developer";
				GCC_PRECOMPILE_PREFIX_HEADER = YES;
				GCC_PREFIX_HEADER = "Ben_Jam/Ben_Jam-Prefix.pch";
				INFOPLIST_FILE = "$(SRCROOT)/Ben_Jam/Ben_Jam-Info.plist";
				PRODUCT_NAME = Ben_Jam;
				PROVISIONING_PROFILE = "";
				WRAPPER_EXTENSION = app;
			};
			name = Debug;
		};
		20BD7DA21A390DC900790055 /* Release */ = {
			isa = XCBuildConfiguration;
			baseConfigurationReference = F224339EA4F685438ABA31E2 /* Pods-Ben_Jam.release.xcconfig */;
			buildSettings = {
				ASSETCATALOG_COMPILER_APPICON_NAME = AppIcon;
				ASSETCATALOG_COMPILER_LAUNCHIMAGE_NAME = LaunchImage;
				CODE_SIGN_IDENTITY = "iPhone Developer";
				"CODE_SIGN_IDENTITY[sdk=iphoneos*]" = "iPhone Developer";
				GCC_PRECOMPILE_PREFIX_HEADER = YES;
				GCC_PREFIX_HEADER = "Ben_Jam/Ben_Jam-Prefix.pch";
				INFOPLIST_FILE = "$(SRCROOT)/Ben_Jam/Ben_Jam-Info.plist";
				PRODUCT_NAME = Ben_Jam;
				PROVISIONING_PROFILE = "";
				WRAPPER_EXTENSION = app;
			};
			name = Release;
		};
		20BD7DA41A390DC900790055 /* Debug */ = {
			isa = XCBuildConfiguration;
			baseConfigurationReference = D32096E16CBCF68D550545EC /* Pods-Ben_JamTests.debug.xcconfig */;
			buildSettings = {
				FRAMEWORK_SEARCH_PATHS = (
					"$(SDKROOT)/Developer/Library/Frameworks",
					"$(inherited)",
					"$(DEVELOPER_FRAMEWORKS_DIR)",
				);
				GCC_PRECOMPILE_PREFIX_HEADER = YES;
				GCC_PREFIX_HEADER = "Ben_Jam/Ben_Jam-Prefix.pch";
				GCC_PREPROCESSOR_DEFINITIONS = (
					"DEBUG=1",
					"$(inherited)",
				);
				INFOPLIST_FILE = "Ben_JamTests/Ben_JamTests-Info.plist";
				PRODUCT_NAME = Ben_JamTests;
				WRAPPER_EXTENSION = xctest;
			};
			name = Debug;
		};
		20BD7DA51A390DC900790055 /* Release */ = {
			isa = XCBuildConfiguration;
			baseConfigurationReference = 8A76511888D79DAB45DF89DF /* Pods-Ben_JamTests.release.xcconfig */;
			buildSettings = {
				FRAMEWORK_SEARCH_PATHS = (
					"$(SDKROOT)/Developer/Library/Frameworks",
					"$(inherited)",
					"$(DEVELOPER_FRAMEWORKS_DIR)",
				);
				GCC_PRECOMPILE_PREFIX_HEADER = YES;
				GCC_PREFIX_HEADER = "Ben_Jam/Ben_Jam-Prefix.pch";
				INFOPLIST_FILE = "Ben_JamTests/Ben_JamTests-Info.plist";
				PRODUCT_NAME = Ben_JamTests;
				WRAPPER_EXTENSION = xctest;
			};
			name = Release;
		};
/* End XCBuildConfiguration section */

/* Begin XCConfigurationList section */
		20BD7D691A390DC900790055 /* Build configuration list for PBXProject "Ben_Jam" */ = {
			isa = XCConfigurationList;
			buildConfigurations = (
				20BD7D9E1A390DC900790055 /* Debug */,
				20BD7D9F1A390DC900790055 /* Release */,
			);
			defaultConfigurationIsVisible = 0;
			defaultConfigurationName = Release;
		};
		20BD7DA01A390DC900790055 /* Build configuration list for PBXNativeTarget "Ben_Jam" */ = {
			isa = XCConfigurationList;
			buildConfigurations = (
				20BD7DA11A390DC900790055 /* Debug */,
				20BD7DA21A390DC900790055 /* Release */,
			);
			defaultConfigurationIsVisible = 0;
			defaultConfigurationName = Release;
		};
		20BD7DA31A390DC900790055 /* Build configuration list for PBXNativeTarget "Ben_JamTests" */ = {
			isa = XCConfigurationList;
			buildConfigurations = (
				20BD7DA41A390DC900790055 /* Debug */,
				20BD7DA51A390DC900790055 /* Release */,
			);
			defaultConfigurationIsVisible = 0;
			defaultConfigurationName = Release;
		};
/* End XCConfigurationList section */

/* Begin XCVersionGroup section */
		20FABD331AA5B7EE0002E4BB /* BJModel.xcdatamodeld */ = {
			isa = XCVersionGroup;
			children = (
				20FABD341AA5B7EE0002E4BB /* BJModel.xcdatamodel */,
			);
			currentVersion = 20FABD341AA5B7EE0002E4BB /* BJModel.xcdatamodel */;
			path = BJModel.xcdatamodeld;
			sourceTree = "<group>";
			versionGroupType = wrapper.xcdatamodel;
		};
/* End XCVersionGroup section */
	};
	rootObject = 20BD7D661A390DC900790055 /* Project object */;
}
